Microsoft Visual Studio Solution File, Format Version 12.00
# Visual Studio 16
Project("{8BC9CEB8-8B4A-11D0-8D11-00A0C91BC942}") = "ALL_BUILD", "ALL_BUILD.vcxproj", "{5E771697-BD33-37B1-BF2D-8DBE109321C5}"
	ProjectSection(ProjectDependencies) = postProject
		{4275856A-FB9F-3CAE-A7B8-81670DF99388} = {4275856A-FB9F-3CAE-A7B8-81670DF99388}
	EndProjectSection
EndProject
Project("{8BC9CEB8-8B4A-11D0-8D11-00A0C91BC942}") = "ZERO_CHECK", "..\\ZERO_CHECK.vcxproj", "{4275856A-FB9F-3CAE-A7B8-81670DF99388}"
	ProjectSection(ProjectDependencies) = postProject
	EndProjectSection
EndProject
Global
	GlobalSection(SolutionConfigurationPlatforms) = preSolution
		Debug|x64 = Debug|x64
		Release|x64 = Release|x64
		MinSizeRel|x64 = MinSizeRel|x64
		RelWithDebInfo|x64 = RelWithDebInfo|x64
	EndGlobalSection
	GlobalSection(ProjectConfigurationPlatforms) = postSolution
		{5E771697-BD33-37B1-BF2D-8DBE109321C5}.Debug|x64.ActiveCfg = Debug|x64
		{5E771697-BD33-37B1-BF2D-8DBE109321C5}.Release|x64.ActiveCfg = Release|x64
		{5E771697-BD33-37B1-BF2D-8DBE109321C5}.MinSizeRel|x64.ActiveCfg = MinSizeRel|x64
		{5E771697-BD33-37B1-BF2D-8DBE109321C5}.RelWithDebInfo|x64.ActiveCfg = RelWithDebInfo|x64
		{4275856A-FB9F-3CAE-A7B8-81670DF99388}.Debug|x64.ActiveCfg = Debug|x64
		{4275856A-FB9F-3CAE-A7B8-81670DF99388}.Debug|x64.Build.0 = Debug|x64
		{4275856A-FB9F-3CAE-A7B8-81670DF99388}.Release|x64.ActiveCfg = Release|x64
		{4275856A-FB9F-3CAE-A7B8-81670DF99388}.Release|x64.Build.0 = Release|x64
		{4275856A-FB9F-3CAE-A7B8-81670DF99388}.MinSizeRel|x64.ActiveCfg = MinSizeRel|x64
		{4275856A-FB9F-3CAE-A7B8-81670DF99388}.MinSizeRel|x64.Build.0 = MinSizeRel|x64
		{4275856A-FB9F-3CAE-A7B8-81670DF99388}.RelWithDebInfo|x64.ActiveCfg = RelWithDebInfo|x64
		{4275856A-FB9F-3CAE-A7B8-81670DF99388}.RelWithDebInfo|x64.Build.0 = RelWithDebInfo|x64
	EndGlobalSection
	GlobalSection(ExtensibilityGlobals) = postSolution
		SolutionGuid = {8733222D-E069-3DBD-B436-95FFD2D88BF8}
	EndGlobalSection
	GlobalSection(ExtensibilityAddIns) = postSolution
	EndGlobalSection
EndGlobal
